
Microsoft Visual Studio Solution File, Format Version 12.00
# Visual Studio Version 17
VisualStudioVersion = 17.5.002.0
MinimumVisualStudioVersion = 10.0.40219.1
Project("{9A19103F-16F7-4668-BE54-9A1E7A4F7556}") = "minimaldemo", "minimaldemo.csproj", "{7E6D03AE-43CB-48DD-B7BB-61605623CFCB}"
EndProject
Global
	GlobalSection(SolutionConfigurationPlatforms) = preSolution
		Debug|Any CPU = Debug|Any CPU
		Release|Any CPU = Release|Any CPU
	EndGlobalSection
	GlobalSection(ProjectConfigurationPlatforms) = postSolution
		{7E6D03AE-43CB-48DD-B7BB-61605623CFCB}.Debug|Any CPU.ActiveCfg = Debug|Any CPU
		{7E6D03AE-43CB-48DD-B7BB-61605623CFCB}.Debug|Any CPU.Build.0 = Debug|Any CPU
		{7E6D03AE-43CB-48DD-B7BB-61605623CFCB}.Release|Any CPU.ActiveCfg = Release|Any CPU
		{7E6D03AE-43CB-48DD-B7BB-61605623CFCB}.Release|Any CPU.Build.0 = Release|Any CPU
	EndGlobalSection
	GlobalSection(SolutionProperties) = preSolution
		HideSolutionNode = FALSE
	EndGlobalSection
	GlobalSection(ExtensibilityGlobals) = postSolution
		SolutionGuid = {7449F381-8197-4059-A1C7-F5085C3EFCFB}
	EndGlobalSection
EndGlobal
